
Microsoft Visual Studio Solution File, Format Version 12.00
# Visual Studio Version 17
VisualStudioVersion = 17.0.31903.59
MinimumVisualStudioVersion = 10.0.40219.1
Project("{FAE04EC0-301F-11D3-BF4B-00C04F79EFBC}") = "Drawing", "Drawing\Drawing.csproj", "{EB1E37A5-470B-4A9D-A31F-D3E60FBA4FCC}"
EndProject
Project("{FAE04EC0-301F-11D3-BF4B-00C04F79EFBC}") = "Test", "Test\Test.csproj", "{09363077-0827-4833-835A-2F08B7D00C7A}"
EndProject
Global
	GlobalSection(SolutionConfigurationPlatforms) = preSolution
		Debug|Any CPU = Debug|Any CPU
		Release|Any CPU = Release|Any CPU
	EndGlobalSection
	GlobalSection(SolutionProperties) = preSolution
		HideSolutionNode = FALSE
	EndGlobalSection
	GlobalSection(ProjectConfigurationPlatforms) = postSolution
		{EB1E37A5-470B-4A9D-A31F-D3E60FBA4FCC}.Debug|Any CPU.ActiveCfg = Debug|Any CPU
		{EB1E37A5-470B-4A9D-A31F-D3E60FBA4FCC}.Debug|Any CPU.Build.0 = Debug|Any CPU
		{EB1E37A5-470B-4A9D-A31F-D3E60FBA4FCC}.Release|Any CPU.ActiveCfg = Release|Any CPU
		{EB1E37A5-470B-4A9D-A31F-D3E60FBA4FCC}.Release|Any CPU.Build.0 = Release|Any CPU
		{09363077-0827-4833-835A-2F08B7D00C7A}.Debug|Any CPU.ActiveCfg = Debug|Any CPU
		{09363077-0827-4833-835A-2F08B7D00C7A}.Debug|Any CPU.Build.0 = Debug|Any CPU
		{09363077-0827-4833-835A-2F08B7D00C7A}.Release|Any CPU.ActiveCfg = Release|Any CPU
		{09363077-0827-4833-835A-2F08B7D00C7A}.Release|Any CPU.Build.0 = Release|Any CPU
	EndGlobalSection
EndGlobal
